{
  "requires": true,
  "lockfileVersion": 1,
  "dependencies": {
    "ip-regex": {
      "version": "4.1.0",
      "resolved": "https://registry.npmjs.org/ip-regex/-/ip-regex-4.1.0.tgz",
      "integrity": "sha512-pKnZpbgCTfH/1NLIlOduP/V+WRXzC2MOz3Qo8xmxk8C5GudJLgK5QyLVXOSWy3ParAH7Eemurl3xjv/WXYFvMA=="
    }
  }
}
